// !$*UTF8*$!
{
	archiveVersion = 1;
	classes = {
	};
	objectVersion = 46;
	objects = {

/* Begin PBXBuildFile section */
		1B5DE80F1B3848C70031CCF5 /* main.m in Sources */ = {isa = PBXBuildFile; fileRef = 1B5DE80E1B3848C70031CCF5 /* main.m */; };
		1B5DE8121B3848C70031CCF5 /* AppDelegate.m in Sources */ = {isa = PBXBuildFile; fileRef = 1B5DE8111B3848C70031CCF5 /* AppDelegate.m */; };
		1B5DE8151B3848C70031CCF5 /* ViewController.m in Sources */ = {isa = PBXBuildFile; fileRef = 1B5DE8141B3848C70031CCF5 /* ViewController.m */; };
		1B5DE8181B3848C70031CCF5 /* Main.storyboard in Resources */ = {isa = PBXBuildFile; fileRef = 1B5DE8161B3848C70031CCF5 /* Main.storyboard */; };
		1B5DE81A1B3848C70031CCF5 /* Images.xcassets in Resources */ = {isa = PBXBuildFile; fileRef = 1B5DE8191B3848C70031CCF5 /* Images.xcassets */; };
		1B5DE81D1B3848C70031CCF5 /* LaunchScreen.xib in Resources */ = {isa = PBXBuildFile; fileRef = 1B5DE81B1B3848C70031CCF5 /* LaunchScreen.xib */; };
		1B5DE8291B3848C70031CCF5 /* observerBlockTests.m in Sources */ = {isa = PBXBuildFile; fileRef = 1B5DE8281B3848C70031CCF5 /* observerBlockTests.m */; };
		1B5DE8371B3848FE0031CCF5 /* People.m in Sources */ = {isa = PBXBuildFile; fileRef = 1B5DE8351B3848FE0031CCF5 /* People.m */; };
		1B5DE83A1B400E470031CCF5 /* NSObject+observer.m in Sources */ = {isa = PBXBuildFile; fileRef = 1B5DE8391B400E470031CCF5 /* NSObject+observer.m */; };
/* End PBXBuildFile section */

/* Begin PBXContainerItemProxy section */
		1B5DE8231B3848C70031CCF5 /* PBXContainerItemProxy */ = {
			isa = PBXContainerItemProxy;
			containerPortal = 1B5DE8011B3848C70031CCF5 /* Project object */;
			proxyType = 1;
			remoteGlobalIDString = 1B5DE8081B3848C70031CCF5;
			remoteInfo = observerBlock;
		};
/* End PBXContainerItemProxy section */

/* Begin PBXFileReference section */
		1B5DE8091B3848C70031CCF5 /* observerBlock.app */ = {isa = PBXFileReference; explicitFileType = wrapper.application; includeInIndex = 0; path = observerBlock.app; sourceTree = BUILT_PRODUCTS_DIR; };
		1B5DE80D1B3848C70031CCF5 /* Info.plist */ = {isa = PBXFileReference; lastKnownFileType = text.plist.xml; path = Info.plist; sourceTree = "<group>"; };
		1B5DE80E1B3848C70031CCF5 /* main.m */ = {isa = PBXFileReference; lastKnownFileType = sourcecode.c.objc; path = main.m; sourceTree = "<group>"; };
		1B5DE8101B3848C70031CCF5 /* AppDelegate.h */ = {isa = PBXFileReference; lastKnownFileType = sourcecode.c.h; path = AppDelegate.h; sourceTree = "<group>"; };
		1B5DE8111B3848C70031CCF5 /* AppDelegate.m */ = {isa = PBXFileReference; lastKnownFileType = sourcecode.c.objc; path = AppDelegate.m; sourceTree = "<group>"; };
		1B5DE8131B3848C70031CCF5 /* ViewController.h */ = {isa = PBXFileReference; lastKnownFileType = sourcecode.c.h; path = ViewController.h; sourceTree = "<group>"; };
		1B5DE8141B3848C70031CCF5 /* ViewController.m */ = {isa = PBXFileReference; lastKnownFileType = sourcecode.c.objc; path = ViewController.m; sourceTree = "<group>"; };
		1B5DE8171B3848C70031CCF5 /* Base */ = {isa = PBXFileReference; lastKnownFileType = file.storyboard; name = Base; path = Base.lproj/Main.storyboard; sourceTree = "<group>"; };
		1B5DE8191B3848C70031CCF5 /* Images.xcassets */ = {isa = PBXFileReference; lastKnownFileType = folder.assetcatalog; path = Images.xcassets; sourceTree = "<group>"; };
		1B5DE81C1B3848C70031CCF5 /* Base */ = {isa = PBXFileReference; lastKnownFileType = file.xib; name = Base; path = Base.lproj/LaunchScreen.xib; sourceTree = "<group>"; };
		1B5DE8221B3848C70031CCF5 /* observerBlockTests.xctest */ = {isa = PBXFileReference; explicitFileType = wrapper.cfbundle; includeInIndex = 0; path = observerBlockTests.xctest; sourceTree = BUILT_PRODUCTS_DIR; };
		1B5DE8271B3848C70031CCF5 /* Info.plist */ = {isa = PBXFileReference; lastKnownFileType = text.plist.xml; path = Info.plist; sourceTree = "<group>"; };
		1B5DE8281B3848C70031CCF5 /* observerBlockTests.m */ = {isa = PBXFileReference; lastKnownFileType = sourcecode.c.objc; path = observerBlockTests.m; sourceTree = "<group>"; };
		1B5DE8341B3848FE0031CCF5 /* People.h */ = {isa = PBXFileReference; fileEncoding = 4; lastKnownFileType = sourcecode.c.h; path = People.h; sourceTree = "<group>"; };
		1B5DE8351B3848FE0031CCF5 /* People.m */ = {isa = PBXFileReference; fileEncoding = 4; lastKnownFileType = sourcecode.c.objc; path = People.m; sourceTree = "<group>"; };
		1B5DE8381B400E470031CCF5 /* NSObject+observer.h */ = {isa = PBXFileReference; fileEncoding = 4; lastKnownFileType = sourcecode.c.h; path = "NSObject+observer.h"; sourceTree = "<group>"; };
		1B5DE8391B400E470031CCF5 /* NSObject+observer.m */ = {isa = PBXFileReference; fileEncoding = 4; lastKnownFileType = sourcecode.c.objc; path = "NSObject+observer.m"; sourceTree = "<group>"; };
/* End PBXFileReference section */

/* Begin PBXFrameworksBuildPhase section */
		1B5DE8061B3848C70031CCF5 /* Frameworks */ = {
			isa = PBXFrameworksBuildPhase;
			buildActionMask = 2147483647;
			files = (
			);
			runOnlyForDeploymentPostprocessing = 0;
		};
		1B5DE81F1B3848C70031CCF5 /* Frameworks */ = {
			isa = PBXFrameworksBuildPhase;
			buildActionMask = 2147483647;
			files = (
			);
			runOnlyForDeploymentPostprocessing = 0;
		};
/* End PBXFrameworksBuildPhase section */

/* Begin PBXGroup section */
		1B5DE8001B3848C70031CCF5 = {
			isa = PBXGroup;
			children = (
				1B5DE80B1B3848C70031CCF5 /* observerBlock */,
				1B5DE8251B3848C70031CCF5 /* observerBlockTests */,
				1B5DE80A1B3848C70031CCF5 /* Products */,
			);
			sourceTree = "<group>";
		};
		1B5DE80A1B3848C70031CCF5 /* Products */ = {
			isa = PBXGroup;
			children = (
				1B5DE8091B3848C70031CCF5 /* observerBlock.app */,
				1B5DE8221B3848C70031CCF5 /* observerBlockTests.xctest */,
			);
			name = Products;
			sourceTree = "<group>";
		};
		1B5DE80B1B3848C70031CCF5 /* observerBlock */ = {
			isa = PBXGroup;
			children = (
				1B5DE8381B400E470031CCF5 /* NSObject+observer.h */,
				1B5DE8391B400E470031CCF5 /* NSObject+observer.m */,
				1B5DE8101B3848C70031CCF5 /* AppDelegate.h */,
				1B5DE8111B3848C70031CCF5 /* AppDelegate.m */,
				1B5DE8131B3848C70031CCF5 /* ViewController.h */,
				1B5DE8141B3848C70031CCF5 /* ViewController.m */,
				1B5DE8161B3848C70031CCF5 /* Main.storyboard */,
				1B5DE8341B3848FE0031CCF5 /* People.h */,
				1B5DE8351B3848FE0031CCF5 /* People.m */,
				1B5DE8191B3848C70031CCF5 /* Images.xcassets */,
				1B5DE81B1B3848C70031CCF5 /* LaunchScreen.xib */,
				1B5DE80C1B3848C70031CCF5 /* Supporting Files */,
			);
			path = observerBlock;
			sourceTree = "<group>";
		};
		1B5DE80C1B3848C70031CCF5 /* Supporting Files */ = {
			isa = PBXGroup;
			children = (
				1B5DE80D1B3848C70031CCF5 /* Info.plist */,
				1B5DE80E1B3848C70031CCF5 /* main.m */,
			);
			name = "Supporting Files";
			sourceTree = "<group>";
		};
		1B5DE8251B3848C70031CCF5 /* observerBlockTests */ = {
			isa = PBXGroup;
			children = (
				1B5DE8281B3848C70031CCF5 /* observerBlockTests.m */,
				1B5DE8261B3848C70031CCF5 /* Supporting Files */,
			);
			path = observerBlockTests;
			sourceTree = "<group>";
		};
		1B5DE8261B3848C70031CCF5 /* Supporting Files */ = {
			isa = PBXGroup;
			children = (
				1B5DE8271B3848C70031CCF5 /* Info.plist */,
			);
			name = "Supporting Files";
			sourceTree = "<group>";
		};
/* End PBXGroup section */

/* Begin PBXNativeTarget section */
		1B5DE8081B3848C70031CCF5 /* observerBlock */ = {
			isa = PBXNativeTarget;
			buildConfigurationList = 1B5DE82C1B3848C70031CCF5 /* Build configuration list for PBXNativeTarget "observerBlock" */;
			buildPhases = (
				1B5DE8051B3848C70031CCF5 /* Sources */,
				1B5DE8061B3848C70031CCF5 /* Frameworks */,
				1B5DE8071B3848C70031CCF5 /* Resources */,
			);
			buildRules = (
			);
			dependencies = (
			);
			name = observerBlock;
			productName = observerBlock;
			productReference = 1B5DE8091B3848C70031CCF5 /* observerBlock.app */;
			productType = "com.apple.product-type.application";
		};
		1B5DE8211B3848C70031CCF5 /* observerBlockTests */ = {
			isa = PBXNativeTarget;
			buildConfigurationList = 1B5DE82F1B3848C70031CCF5 /* Build configuration list for PBXNativeTarget "observerBlockTests" */;
			buildPhases = (
				1B5DE81E1B3848C70031CCF5 /* Sources */,
				1B5DE81F1B3848C70031CCF5 /* Frameworks */,
				1B5DE8201B3848C70031CCF5 /* Resources */,
			);
			buildRules = (
			);
			dependencies = (
				1B5DE8241B3848C70031CCF5 /* PBXTargetDependency */,
			);
			name = observerBlockTests;
			productName = observerBlockTests;
			productReference = 1B5DE8221B3848C70031CCF5 /* observerBlockTests.xctest */;
			productType = "com.apple.product-type.bundle.unit-test";
		};
/* End PBXNativeTarget section */

/* Begin PBXProject section */
		1B5DE8011B3848C70031CCF5 /* Project object */ = {
			isa = PBXProject;
			attributes = {
				LastUpgradeCheck = 0630;
				ORGANIZATIONNAME = "沈强";
				TargetAttributes = {
					1B5DE8081B3848C70031CCF5 = {
						CreatedOnToolsVersion = 6.3;
					};
					1B5DE8211B3848C70031CCF5 = {
						CreatedOnToolsVersion = 6.3;
						TestTargetID = 1B5DE8081B3848C70031CCF5;
					};
				};
			};
			buildConfigurationList = 1B5DE8041B3848C70031CCF5 /* Build configuration list for PBXProject "observerBlock" */;
			compatibilityVersion = "Xcode 3.2";
			developmentRegion = English;
			hasScannedForEncodings = 0;
			knownRegions = (
				en,
				Base,
			);
			mainGroup = 1B5DE8001B3848C70031CCF5;
			productRefGroup = 1B5DE80A1B3848C70031CCF5 /* Products */;
			projectDirPath = "";
			projectRoot = "";
			targets = (
				1B5DE8081B3848C70031CCF5 /* observerBlock */,
				1B5DE8211B3848C70031CCF5 /* observerBlockTests */,
			);
		};
/* End PBXProject section */

/* Begin PBXResourcesBuildPhase section */
		1B5DE8071B3848C70031CCF5 /* Resources */ = {
			isa = PBXResourcesBuildPhase;
			buildActionMask = 2147483647;
			files = (
				1B5DE8181B3848C70031CCF5 /* Main.storyboard in Resources */,
				1B5DE81D1B3848C70031CCF5 /* LaunchScreen.xib in Resources */,
				1B5DE81A1B3848C70031CCF5 /* Images.xcassets in Resources */,
			);
			runOnlyForDeploymentPostprocessing = 0;
		};
		1B5DE8201B3848C70031CCF5 /* Resources */ = {
			isa = PBXResourcesBuildPhase;
			buildActionMask = 2147483647;
			files = (
			);
			runOnlyForDeploymentPostprocessing = 0;
		};
/* End PBXResourcesBuildPhase section */

/* Begin PBXSourcesBuildPhase section */
		1B5DE8051B3848C70031CCF5 /* Sources */ = {
			isa = PBXSourcesBuildPhase;
			buildActionMask = 2147483647;
			files = (
				1B5DE8151B3848C70031CCF5 /* ViewController.m in Sources */,
				1B5DE8371B3848FE0031CCF5 /* People.m in Sources */,
				1B5DE83A1B400E470031CCF5 /* NSObject+observer.m in Sources */,
				1B5DE8121B3848C70031CCF5 /* AppDelegate.m in Sources */,
				1B5DE80F1B3848C70031CCF5 /* main.m in Sources */,
			);
			runOnlyForDeploymentPostprocessing = 0;
		};
		1B5DE81E1B3848C70031CCF5 /* Sources */ = {
			isa = PBXSourcesBuildPhase;
			buildActionMask = 2147483647;
			files = (
				1B5DE8291B3848C70031CCF5 /* observerBlockTests.m in Sources */,
			);
			runOnlyForDeploymentPostprocessing = 0;
		};
/* End PBXSourcesBuildPhase section */

/* Begin PBXTargetDependency section */
		1B5DE8241B3848C70031CCF5 /* PBXTargetDependency */ = {
			isa = PBXTargetDependency;
			target = 1B5DE8081B3848C70031CCF5 /* observerBlock */;
			targetProxy = 1B5DE8231B3848C70031CCF5 /* PBXContainerItemProxy */;
		};
/* End PBXTargetDependency section */

/* Begin PBXVariantGroup section */
		1B5DE8161B3848C70031CCF5 /* Main.storyboard */ = {
			isa = PBXVariantGroup;
			children = (
				1B5DE8171B3848C70031CCF5 /* Base */,
			);
			name = Main.storyboard;
			sourceTree = "<group>";
		};
		1B5DE81B1B3848C70031CCF5 /* LaunchScreen.xib */ = {
			isa = PBXVariantGroup;
			children = (
				1B5DE81C1B3848C70031CCF5 /* Base */,
			);
			name = LaunchScreen.xib;
			sourceTree = "<group>";
		};
/* End PBXVariantGroup section */

/* Begin XCBuildConfiguration section */
		1B5DE82A1B3848C70031CCF5 /* Debug */ = {
			isa = XCBuildConfiguration;
			buildSettings = {
				ALWAYS_SEARCH_USER_PATHS = NO;
				CLANG_CXX_LANGUAGE_STANDARD = "gnu++0x";
				CLANG_CXX_LIBRARY = "libc++";
				CLANG_ENABLE_MODULES = YES;
				CLANG_ENABLE_OBJC_ARC = YES;
				CLANG_WARN_BOOL_CONVERSION = YES;
				CLANG_WARN_CONSTANT_CONVERSION = YES;
				CLANG_WARN_DIRECT_OBJC_ISA_USAGE = YES_ERROR;
				CLANG_WARN_EMPTY_BODY = YES;
				CLANG_WARN_ENUM_CONVERSION = YES;
				CLANG_WARN_INT_CONVERSION = YES;
				CLANG_WARN_OBJC_ROOT_CLASS = YES_ERROR;
				CLANG_WARN_UNREACHABLE_CODE = YES;
				CLANG_WARN__DUPLICATE_METHOD_MATCH = YES;
				"CODE_SIGN_IDENTITY[sdk=iphoneos*]" = "iPhone Developer";
				COPY_PHASE_STRIP = NO;
				DEBUG_INFORMATION_FORMAT = "dwarf-with-dsym";
				ENABLE_STRICT_OBJC_MSGSEND = YES;
				GCC_C_LANGUAGE_STANDARD = gnu99;
				GCC_DYNAMIC_NO_PIC = NO;
				GCC_NO_COMMON_BLOCKS = YES;
				GCC_OPTIMIZATION_LEVEL = 0;
				GCC_PREPROCESSOR_DEFINITIONS = (
					"DEBUG=1",
					"$(inherited)",
				);
				GCC_SYMBOLS_PRIVATE_EXTERN = NO;
				GCC_WARN_64_TO_32_BIT_CONVERSION = YES;
				GCC_WARN_ABOUT_RETURN_TYPE = YES_ERROR;
				GCC_WARN_UNDECLARED_SELECTOR = YES;
				GCC_WARN_UNINITIALIZED_AUTOS = YES_AGGRESSIVE;
				GCC_WARN_UNUSED_FUNCTION = YES;
				GCC_WARN_UNUSED_VARIABLE = YES;
				IPHONEOS_DEPLOYMENT_TARGET = 8.3;
				MTL_ENABLE_DEBUG_INFO = YES;
				ONLY_ACTIVE_ARCH = YES;
				SDKROOT = iphoneos;
			};
			name = Debug;
		};
		1B5DE82B1B3848C70031CCF5 /* Release */ = {
			isa = XCBuildConfiguration;
			buildSettings = {
				ALWAYS_SEARCH_USER_PATHS = NO;
				CLANG_CXX_LANGUAGE_STANDARD = "gnu++0x";
				CLANG_CXX_LIBRARY = "libc++";
				CLANG_ENABLE_MODULES = YES;
				CLANG_ENABLE_OBJC_ARC = YES;
				CLANG_WARN_BOOL_CONVERSION = YES;
				CLANG_WARN_CONSTANT_CONVERSION = YES;
				CLANG_WARN_DIRECT_OBJC_ISA_USAGE = YES_ERROR;
				CLANG_WARN_EMPTY_BODY = YES;
				CLANG_WARN_ENUM_CONVERSION = YES;
				CLANG_WARN_INT_CONVERSION = YES;
				CLANG_WARN_OBJC_ROOT_CLASS = YES_ERROR;
				CLANG_WARN_UNREACHABLE_CODE = YES;
				CLANG_WARN__DUPLICATE_METHOD_MATCH = YES;
				"CODE_SIGN_IDENTITY[sdk=iphoneos*]" = "iPhone Developer";
				COPY_PHASE_STRIP = NO;
				DEBUG_INFORMATION_FORMAT = "dwarf-with-dsym";
				ENABLE_NS_ASSERTIONS = NO;
				ENABLE_STRICT_OBJC_MSGSEND = YES;
				GCC_C_LANGUAGE_STANDARD = gnu99;
				GCC_NO_COMMON_BLOCKS = YES;
				GCC_WARN_64_TO_32_BIT_CONVERSION = YES;
				GCC_WARN_ABOUT_RETURN_TYPE = YES_ERROR;
				GCC_WARN_UNDECLARED_SELECTOR = YES;
				GCC_WARN_UNINITIALIZED_AUTOS = YES_AGGRESSIVE;
				GCC_WARN_UNUSED_FUNCTION = YES;
				GCC_WARN_UNUSED_VARIABLE = YES;
				IPHONEOS_DEPLOYMENT_TARGET = 8.3;
				MTL_ENABLE_DEBUG_INFO = NO;
				SDKROOT = iphoneos;
				VALIDATE_PRODUCT = YES;
			};
			name = Release;
		};
		1B5DE82D1B3848C70031CCF5 /* Debug */ = {
			isa = XCBuildConfiguration;
			buildSettings = {
				ASSETCATALOG_COMPILER_APPICON_NAME = AppIcon;
				INFOPLIST_FILE = observerBlock/Info.plist;
				LD_RUNPATH_SEARCH_PATHS = "$(inherited) @executable_path/Frameworks";
				PRODUCT_NAME = "$(TARGET_NAME)";
			};
			name = Debug;
		};
		1B5DE82E1B3848C70031CCF5 /* Release */ = {
			isa = XCBuildConfiguration;
			buildSettings = {
				ASSETCATALOG_COMPILER_APPICON_NAME = AppIcon;
				INFOPLIST_FILE = observerBlock/Info.plist;
				LD_RUNPATH_SEARCH_PATHS = "$(inherited) @executable_path/Frameworks";
				PRODUCT_NAME = "$(TARGET_NAME)";
			};
			name = Release;
		};
		1B5DE8301B3848C70031CCF5 /* Debug */ = {
			isa = XCBuildConfiguration;
			buildSettings = {
				BUNDLE_LOADER = "$(TEST_HOST)";
				FRAMEWORK_SEARCH_PATHS = (
					"$(SDKROOT)/Developer/Library/Frameworks",
					"$(inherited)",
				);
				GCC_PREPROCESSOR_DEFINITIONS = (
					"DEBUG=1",
					"$(inherited)",
				);
				INFOPLIST_FILE = observerBlockTests/Info.plist;
				LD_RUNPATH_SEARCH_PATHS = "$(inherited) @executable_path/Frameworks @loader_path/Frameworks";
				PRODUCT_NAME = "$(TARGET_NAME)";
				TEST_HOST = "$(BUILT_PRODUCTS_DIR)/observerBlock.app/observerBlock";
			};
			name = Debug;
		};
		1B5DE8311B3848C70031CCF5 /* Release */ = {
			isa = XCBuildConfiguration;
			buildSettings = {
				BUNDLE_LOADER = "$(TEST_HOST)";
				FRAMEWORK_SEARCH_PATHS = (
					"$(SDKROOT)/Developer/Library/Frameworks",
					"$(inherited)",
				);
				INFOPLIST_FILE = observerBlockTests/Info.plist;
				LD_RUNPATH_SEARCH_PATHS = "$(inherited) @executable_path/Frameworks @loader_path/Frameworks";
				PRODUCT_NAME = "$(TARGET_NAME)";
				TEST_HOST = "$(BUILT_PRODUCTS_DIR)/observerBlock.app/observerBlock";
			};
			name = Release;
		};
/* End XCBuildConfiguration section */

/* Begin XCConfigurationList section */
		1B5DE8041B3848C70031CCF5 /* Build configuration list for PBXProject "observerBlock" */ = {
			isa = XCConfigurationList;
			buildConfigurations = (
				1B5DE82A1B3848C70031CCF5 /* Debug */,
				1B5DE82B1B3848C70031CCF5 /* Release */,
			);
			defaultConfigurationIsVisible = 0;
			defaultConfigurationName = Release;
		};
		1B5DE82C1B3848C70031CCF5 /* Build configuration list for PBXNativeTarget "observerBlock" */ = {
			isa = XCConfigurationList;
			buildConfigurations = (
				1B5DE82D1B3848C70031CCF5 /* Debug */,
				1B5DE82E1B3848C70031CCF5 /* Release */,
			);
			defaultConfigurationIsVisible = 0;
		};
		1B5DE82F1B3848C70031CCF5 /* Build configuration list for PBXNativeTarget "observerBlockTests" */ = {
			isa = XCConfigurationList;
			buildConfigurations = (
				1B5DE8301B3848C70031CCF5 /* Debug */,
				1B5DE8311B3848C70031CCF5 /* Release */,
			);
			defaultConfigurationIsVisible = 0;
		};
/* End XCConfigurationList section */
	};
	rootObject = 1B5DE8011B3848C70031CCF5 /* Project object */;
}
